
Microsoft Visual Studio Solution File, Format Version 12.00
# Visual Studio Version 17
VisualStudioVersion = 17.10.35122.118
MinimumVisualStudioVersion = 10.0.40219.1
Project("{888888A0-9F3D-457C-B088-3A5042F75D52}") = "Synergy", "Synergy\Synergy.pyproj", "{939F479D-A48A-4381-9133-A9463D91DA16}"
EndProject
Global
	GlobalSection(SolutionConfigurationPlatforms) = preSolution
		Debug|Any CPU = Debug|Any CPU
		Release|Any CPU = Release|Any CPU
	EndGlobalSection
	GlobalSection(ProjectConfigurationPlatforms) = postSolution
		{939F479D-A48A-4381-9133-A9463D91DA16}.Debug|Any CPU.ActiveCfg = Debug|Any CPU
		{939F479D-A48A-4381-9133-A9463D91DA16}.Release|Any CPU.ActiveCfg = Release|Any CPU
	EndGlobalSection
	GlobalSection(SolutionProperties) = preSolution
		HideSolutionNode = FALSE
	EndGlobalSection
	GlobalSection(ExtensibilityGlobals) = postSolution
		SolutionGuid = {814C5BAC-C5A7-4284-97F3-46D41B660DA4}
	EndGlobalSection
EndGlobal
